
Microsoft Visual Studio Solution File, Format Version 12.00
# Visual Studio Version 17
VisualStudioVersion = 17.0.32112.339
MinimumVisualStudioVersion = 10.0.40219.1
Project("{2150E333-8FDC-42A3-9474-1A3956D46DE8}") = "tests", "tests", "{D7B580E7-C0F4-4F56-9540-268AA0BA366D}"
EndProject
Project("{2150E333-8FDC-42A3-9474-1A3956D46DE8}") = "src", "src", "{D925B7B0-DE6C-4782-BC39-88135E06578A}"
EndProject
Project("{2150E333-8FDC-42A3-9474-1A3956D46DE8}") = "algoritms", "algoritms", "{961BD599-5DB0-4309-9327-41B11EEC247A}"
EndProject
Project("{2150E333-8FDC-42A3-9474-1A3956D46DE8}") = "data-structures", "data-structures", "{5372970B-3E1C-4AED-A21B-406C1C7640E5}"
EndProject
Project("{2150E333-8FDC-42A3-9474-1A3956D46DE8}") = "algoritms", "algoritms", "{108632D4-6E3D-43AD-BFC5-02F8107E37ED}"
EndProject
Project("{2150E333-8FDC-42A3-9474-1A3956D46DE8}") = "data-structures", "data-structures", "{049DE334-38D2-4A22-8E7A-A341A7D5857C}"
EndProject
Project("{9A19103F-16F7-4668-BE54-9A1E7A4F7556}") = "CustomLinkedList.Tests", "tests\data-structures\CustomLinkedList.Tests\CustomLinkedList.Tests.csproj", "{408B4058-E020-4FCB-8EFD-EAAD08365D60}"
EndProject
Project("{9A19103F-16F7-4668-BE54-9A1E7A4F7556}") = "CustomLinkedList", "src\data-structures\CustomLinkedList\CustomLinkedList.csproj", "{2C3B41C9-710A-4E54-9BD7-2E659C444957}"
EndProject
Project("{9A19103F-16F7-4668-BE54-9A1E7A4F7556}") = "FloydsCycleDetection", "src\algoritms\FloydsCycleDetection\FloydsCycleDetection.csproj", "{FAB4E781-DF31-473E-ACF2-66C57BEF9B2D}"
EndProject
Project("{9A19103F-16F7-4668-BE54-9A1E7A4F7556}") = "StepikCourse", "src\algoritms\StepikCourse\StepikCourse.csproj", "{4332E09B-1772-4FBA-9E96-DF3185D4FAC3}"
EndProject
Project("{9A19103F-16F7-4668-BE54-9A1E7A4F7556}") = "StepikCourse.Tests", "tests\algoritms\StepikCourse.Tests\StepikCourse.Tests.csproj", "{4600AFF9-4D7D-4672-AF57-D4C7E195C281}"
EndProject
Project("{9A19103F-16F7-4668-BE54-9A1E7A4F7556}") = "ConsoleWrapper", "src\algoritms\ConsoleWrapper\ConsoleWrapper.csproj", "{DEAE84C4-49D5-415C-8F9A-9E46A94C1968}"
EndProject
Project("{9A19103F-16F7-4668-BE54-9A1E7A4F7556}") = "Challenges", "src\algoritms\Challenges\Challenges\Challenges.csproj", "{D9ED98D9-EE2A-4AF6-9B69-F8211DFC80F5}"
EndProject
Project("{9A19103F-16F7-4668-BE54-9A1E7A4F7556}") = "Challenges.Tests", "tests\algoritms\Challenges.Tests\Challenges.Tests\Challenges.Tests.csproj", "{C37BF94C-6CA8-4FC8-88DF-940C5CFF0C52}"
EndProject
Project("{FAE04EC0-301F-11D3-BF4B-00C04F79EFBC}") = "Array", "src\data-structures\Array\Array\Array.csproj", "{673F9930-6D46-48D7-AAD4-8D4608280195}"
EndProject
Project("{FAE04EC0-301F-11D3-BF4B-00C04F79EFBC}") = "Array.Tests", "tests\data-structures\Array.Tests\Array.Tests.csproj", "{3E2EEE25-1717-4511-BD32-98F4321E903A}"
EndProject
Global
	GlobalSection(SolutionConfigurationPlatforms) = preSolution
		Debug|Any CPU = Debug|Any CPU
		Release|Any CPU = Release|Any CPU
	EndGlobalSection
	GlobalSection(ProjectConfigurationPlatforms) = postSolution
		{408B4058-E020-4FCB-8EFD-EAAD08365D60}.Debug|Any CPU.ActiveCfg = Debug|Any CPU
		{408B4058-E020-4FCB-8EFD-EAAD08365D60}.Debug|Any CPU.Build.0 = Debug|Any CPU
		{408B4058-E020-4FCB-8EFD-EAAD08365D60}.Release|Any CPU.ActiveCfg = Release|Any CPU
		{408B4058-E020-4FCB-8EFD-EAAD08365D60}.Release|Any CPU.Build.0 = Release|Any CPU
		{2C3B41C9-710A-4E54-9BD7-2E659C444957}.Debug|Any CPU.ActiveCfg = Debug|Any CPU
		{2C3B41C9-710A-4E54-9BD7-2E659C444957}.Debug|Any CPU.Build.0 = Debug|Any CPU
		{2C3B41C9-710A-4E54-9BD7-2E659C444957}.Release|Any CPU.ActiveCfg = Release|Any CPU
		{2C3B41C9-710A-4E54-9BD7-2E659C444957}.Release|Any CPU.Build.0 = Release|Any CPU
		{FAB4E781-DF31-473E-ACF2-66C57BEF9B2D}.Debug|Any CPU.ActiveCfg = Debug|Any CPU
		{FAB4E781-DF31-473E-ACF2-66C57BEF9B2D}.Debug|Any CPU.Build.0 = Debug|Any CPU
		{FAB4E781-DF31-473E-ACF2-66C57BEF9B2D}.Release|Any CPU.ActiveCfg = Release|Any CPU
		{FAB4E781-DF31-473E-ACF2-66C57BEF9B2D}.Release|Any CPU.Build.0 = Release|Any CPU
		{4332E09B-1772-4FBA-9E96-DF3185D4FAC3}.Debug|Any CPU.ActiveCfg = Debug|Any CPU
		{4332E09B-1772-4FBA-9E96-DF3185D4FAC3}.Debug|Any CPU.Build.0 = Debug|Any CPU
		{4332E09B-1772-4FBA-9E96-DF3185D4FAC3}.Release|Any CPU.ActiveCfg = Release|Any CPU
		{4332E09B-1772-4FBA-9E96-DF3185D4FAC3}.Release|Any CPU.Build.0 = Release|Any CPU
		{4600AFF9-4D7D-4672-AF57-D4C7E195C281}.Debug|Any CPU.ActiveCfg = Debug|Any CPU
		{4600AFF9-4D7D-4672-AF57-D4C7E195C281}.Debug|Any CPU.Build.0 = Debug|Any CPU
		{4600AFF9-4D7D-4672-AF57-D4C7E195C281}.Release|Any CPU.ActiveCfg = Release|Any CPU
		{4600AFF9-4D7D-4672-AF57-D4C7E195C281}.Release|Any CPU.Build.0 = Release|Any CPU
		{DEAE84C4-49D5-415C-8F9A-9E46A94C1968}.Debug|Any CPU.ActiveCfg = Debug|Any CPU
		{DEAE84C4-49D5-415C-8F9A-9E46A94C1968}.Debug|Any CPU.Build.0 = Debug|Any CPU
		{DEAE84C4-49D5-415C-8F9A-9E46A94C1968}.Release|Any CPU.ActiveCfg = Release|Any CPU
		{DEAE84C4-49D5-415C-8F9A-9E46A94C1968}.Release|Any CPU.Build.0 = Release|Any CPU
		{D9ED98D9-EE2A-4AF6-9B69-F8211DFC80F5}.Debug|Any CPU.ActiveCfg = Debug|Any CPU
		{D9ED98D9-EE2A-4AF6-9B69-F8211DFC80F5}.Debug|Any CPU.Build.0 = Debug|Any CPU
		{D9ED98D9-EE2A-4AF6-9B69-F8211DFC80F5}.Release|Any CPU.ActiveCfg = Release|Any CPU
		{D9ED98D9-EE2A-4AF6-9B69-F8211DFC80F5}.Release|Any CPU.Build.0 = Release|Any CPU
		{C37BF94C-6CA8-4FC8-88DF-940C5CFF0C52}.Debug|Any CPU.ActiveCfg = Debug|Any CPU
		{C37BF94C-6CA8-4FC8-88DF-940C5CFF0C52}.Debug|Any CPU.Build.0 = Debug|Any CPU
		{C37BF94C-6CA8-4FC8-88DF-940C5CFF0C52}.Release|Any CPU.ActiveCfg = Release|Any CPU
		{C37BF94C-6CA8-4FC8-88DF-940C5CFF0C52}.Release|Any CPU.Build.0 = Release|Any CPU
		{673F9930-6D46-48D7-AAD4-8D4608280195}.Debug|Any CPU.ActiveCfg = Debug|Any CPU
		{673F9930-6D46-48D7-AAD4-8D4608280195}.Debug|Any CPU.Build.0 = Debug|Any CPU
		{673F9930-6D46-48D7-AAD4-8D4608280195}.Release|Any CPU.ActiveCfg = Release|Any CPU
		{673F9930-6D46-48D7-AAD4-8D4608280195}.Release|Any CPU.Build.0 = Release|Any CPU
		{3E2EEE25-1717-4511-BD32-98F4321E903A}.Debug|Any CPU.ActiveCfg = Debug|Any CPU
		{3E2EEE25-1717-4511-BD32-98F4321E903A}.Debug|Any CPU.Build.0 = Debug|Any CPU
		{3E2EEE25-1717-4511-BD32-98F4321E903A}.Release|Any CPU.ActiveCfg = Release|Any CPU
		{3E2EEE25-1717-4511-BD32-98F4321E903A}.Release|Any CPU.Build.0 = Release|Any CPU
	EndGlobalSection
	GlobalSection(SolutionProperties) = preSolution
		HideSolutionNode = FALSE
	EndGlobalSection
	GlobalSection(NestedProjects) = preSolution
		{961BD599-5DB0-4309-9327-41B11EEC247A} = {D925B7B0-DE6C-4782-BC39-88135E06578A}
		{5372970B-3E1C-4AED-A21B-406C1C7640E5} = {D925B7B0-DE6C-4782-BC39-88135E06578A}
		{108632D4-6E3D-43AD-BFC5-02F8107E37ED} = {D7B580E7-C0F4-4F56-9540-268AA0BA366D}
		{049DE334-38D2-4A22-8E7A-A341A7D5857C} = {D7B580E7-C0F4-4F56-9540-268AA0BA366D}
		{408B4058-E020-4FCB-8EFD-EAAD08365D60} = {049DE334-38D2-4A22-8E7A-A341A7D5857C}
		{2C3B41C9-710A-4E54-9BD7-2E659C444957} = {5372970B-3E1C-4AED-A21B-406C1C7640E5}
		{FAB4E781-DF31-473E-ACF2-66C57BEF9B2D} = {961BD599-5DB0-4309-9327-41B11EEC247A}
		{4332E09B-1772-4FBA-9E96-DF3185D4FAC3} = {961BD599-5DB0-4309-9327-41B11EEC247A}
		{4600AFF9-4D7D-4672-AF57-D4C7E195C281} = {108632D4-6E3D-43AD-BFC5-02F8107E37ED}
		{DEAE84C4-49D5-415C-8F9A-9E46A94C1968} = {961BD599-5DB0-4309-9327-41B11EEC247A}
		{D9ED98D9-EE2A-4AF6-9B69-F8211DFC80F5} = {961BD599-5DB0-4309-9327-41B11EEC247A}
		{C37BF94C-6CA8-4FC8-88DF-940C5CFF0C52} = {108632D4-6E3D-43AD-BFC5-02F8107E37ED}
		{673F9930-6D46-48D7-AAD4-8D4608280195} = {5372970B-3E1C-4AED-A21B-406C1C7640E5}
		{3E2EEE25-1717-4511-BD32-98F4321E903A} = {049DE334-38D2-4A22-8E7A-A341A7D5857C}
	EndGlobalSection
	GlobalSection(ExtensibilityGlobals) = postSolution
		SolutionGuid = {C16878B0-572D-4797-B2DF-3A8AD50B128A}
	EndGlobalSection
EndGlobal
